// !$*UTF8*$!
{
	archiveVersion = 1;
	classes = {
	};
	objectVersion = 50;
	objects = {

/* Begin PBXBuildFile section */
		D98E570C261D4D0F006FAF22 /* swiftui_playgroundsApp.swift in Sources */ = {isa = PBXBuildFile; fileRef = D98E570B261D4D0F006FAF22 /* swiftui_playgroundsApp.swift */; };
		D98E570E261D4D0F006FAF22 /* ContentView.swift in Sources */ = {isa = PBXBuildFile; fileRef = D98E570D261D4D0F006FAF22 /* ContentView.swift */; };
		D98E5710261D4D10006FAF22 /* Assets.xcassets in Resources */ = {isa = PBXBuildFile; fileRef = D98E570F261D4D10006FAF22 /* Assets.xcassets */; };
		D98E5713261D4D10006FAF22 /* Preview Assets.xcassets in Resources */ = {isa = PBXBuildFile; fileRef = D98E5712261D4D10006FAF22 /* Preview Assets.xcassets */; };
/* End PBXBuildFile section */

/* Begin PBXFileReference section */
		D98E5708261D4D0F006FAF22 /* swiftui-playgrounds.app */ = {isa = PBXFileReference; explicitFileType = wrapper.application; includeInIndex = 0; path = "swiftui-playgrounds.app"; sourceTree = BUILT_PRODUCTS_DIR; };
		D98E570B261D4D0F006FAF22 /* swiftui_playgroundsApp.swift */ = {isa = PBXFileReference; lastKnownFileType = sourcecode.swift; path = swiftui_playgroundsApp.swift; sourceTree = "<group>"; };
		D98E570D261D4D0F006FAF22 /* ContentView.swift */ = {isa = PBXFileReference; lastKnownFileType = sourcecode.swift; path = ContentView.swift; sourceTree = "<group>"; };
		D98E570F261D4D10006FAF22 /* Assets.xcassets */ = {isa = PBXFileReference; lastKnownFileType = folder.assetcatalog; path = Assets.xcassets; sourceTree = "<group>"; };
		D98E5712261D4D10006FAF22 /* Preview Assets.xcassets */ = {isa = PBXFileReference; lastKnownFileType = folder.assetcatalog; path = "Preview Assets.xcassets"; sourceTree = "<group>"; };
		D98E5714261D4D10006FAF22 /* Info.plist */ = {isa = PBXFileReference; lastKnownFileType = text.plist.xml; path = Info.plist; sourceTree = "<group>"; };
/* End PBXFileReference section */

/* Begin PBXFrameworksBuildPhase section */
		D98E5705261D4D0F006FAF22 /* Frameworks */ = {
			isa = PBXFrameworksBuildPhase;
			buildActionMask = 2147483647;
			files = (
			);
			runOnlyForDeploymentPostprocessing = 0;
		};
/* End PBXFrameworksBuildPhase section */

/* Begin PBXGroup section */
		D98E56FF261D4D0F006FAF22 = {
			isa = PBXGroup;
			children = (
				D98E570A261D4D0F006FAF22 /* swiftui-playgrounds */,
				D98E5709261D4D0F006FAF22 /* Products */,
			);
			sourceTree = "<group>";
		};
		D98E5709261D4D0F006FAF22 /* Products */ = {
			isa = PBXGroup;
			children = (
				D98E5708261D4D0F006FAF22 /* swiftui-playgrounds.app */,
			);
			name = Products;
			sourceTree = "<group>";
		};
		D98E570A261D4D0F006FAF22 /* swiftui-playgrounds */ = {
			isa = PBXGroup;
			children = (
				D98E570B261D4D0F006FAF22 /* swiftui_playgroundsApp.swift */,
				D98E570D261D4D0F006FAF22 /* ContentView.swift */,
				D98E570F261D4D10006FAF22 /* Assets.xcassets */,
				D98E5714261D4D10006FAF22 /* Info.plist */,
				D98E5711261D4D10006FAF22 /* Preview Content */,
			);
			path = "swiftui-playgrounds";
			sourceTree = "<group>";
		};
		D98E5711261D4D10006FAF22 /* Preview Content */ = {
			isa = PBXGroup;
			children = (
				D98E5712261D4D10006FAF22 /* Preview Assets.xcassets */,
			);
			path = "Preview Content";
			sourceTree = "<group>";
		};
/* End PBXGroup section */

/* Begin PBXNativeTarget section */
		D98E5707261D4D0F006FAF22 /* swiftui-playgrounds */ = {
			isa = PBXNativeTarget;
			buildConfigurationList = D98E5717261D4D10006FAF22 /* Build configuration list for PBXNativeTarget "swiftui-playgrounds" */;
			buildPhases = (
				D98E5704261D4D0F006FAF22 /* Sources */,
				D98E5705261D4D0F006FAF22 /* Frameworks */,
				D98E5706261D4D0F006FAF22 /* Resources */,
			);
			buildRules = (
			);
			dependencies = (
			);
			name = "swiftui-playgrounds";
			productName = "swiftui-playgrounds";
			productReference = D98E5708261D4D0F006FAF22 /* swiftui-playgrounds.app */;
			productType = "com.apple.product-type.application";
		};
/* End PBXNativeTarget section */

/* Begin PBXProject section */
		D98E5700261D4D0F006FAF22 /* Project object */ = {
			isa = PBXProject;
			attributes = {
				LastSwiftUpdateCheck = 1230;
				LastUpgradeCheck = 1230;
				TargetAttributes = {
					D98E5707261D4D0F006FAF22 = {
						CreatedOnToolsVersion = 12.3;
					};
				};
			};
			buildConfigurationList = D98E5703261D4D0F006FAF22 /* Build configuration list for PBXProject "swiftui-playgrounds" */;
			compatibilityVersion = "Xcode 9.3";
			developmentRegion = en;
			hasScannedForEncodings = 0;
			knownRegions = (
				en,
				Base,
			);
			mainGroup = D98E56FF261D4D0F006FAF22;
			productRefGroup = D98E5709261D4D0F006FAF22 /* Products */;
			projectDirPath = "";
			projectRoot = "";
			targets = (
				D98E5707261D4D0F006FAF22 /* swiftui-playgrounds */,
			);
		};
/* End PBXProject section */

/* Begin PBXResourcesBuildPhase section */
		D98E5706261D4D0F006FAF22 /* Resources */ = {
			isa = PBXResourcesBuildPhase;
			buildActionMask = 2147483647;
			files = (
				D98E5713261D4D10006FAF22 /* Preview Assets.xcassets in Resources */,
				D98E5710261D4D10006FAF22 /* Assets.xcassets in Resources */,
			);
			runOnlyForDeploymentPostprocessing = 0;
		};
/* End PBXResourcesBuildPhase section */

/* Begin PBXSourcesBuildPhase section */
		D98E5704261D4D0F006FAF22 /* Sources */ = {
			isa = PBXSourcesBuildPhase;
			buildActionMask = 2147483647;
			files = (
				D98E570E261D4D0F006FAF22 /* ContentView.swift in Sources */,
				D98E570C261D4D0F006FAF22 /* swiftui_playgroundsApp.swift in Sources */,
			);
			runOnlyForDeploymentPostprocessing = 0;
		};
/* End PBXSourcesBuildPhase section */

/* Begin XCBuildConfiguration section */
		D98E5715261D4D10006FAF22 /* Debug */ = {
			isa = XCBuildConfiguration;
			buildSettings = {
				ALWAYS_SEARCH_USER_PATHS = NO;
				CLANG_ANALYZER_NONNULL = YES;
				CLANG_ANALYZER_NUMBER_OBJECT_CONVERSION = YES_AGGRESSIVE;
				CLANG_CXX_LANGUAGE_STANDARD = "gnu++14";
				CLANG_CXX_LIBRARY = "libc++";
				CLANG_ENABLE_MODULES = YES;
				CLANG_ENABLE_OBJC_ARC = YES;
				CLANG_ENABLE_OBJC_WEAK = YES;
				CLANG_WARN_BLOCK_CAPTURE_AUTORELEASING = YES;
				CLANG_WARN_BOOL_CONVERSION = YES;
				CLANG_WARN_COMMA = YES;
				CLANG_WARN_CONSTANT_CONVERSION = YES;
				CLANG_WARN_DEPRECATED_OBJC_IMPLEMENTATIONS = YES;
				CLANG_WARN_DIRECT_OBJC_ISA_USAGE = YES_ERROR;
				CLANG_WARN_DOCUMENTATION_COMMENTS = YES;
				CLANG_WARN_EMPTY_BODY = YES;
				CLANG_WARN_ENUM_CONVERSION = YES;
				CLANG_WARN_INFINITE_RECURSION = YES;
				CLANG_WARN_INT_CONVERSION = YES;
				CLANG_WARN_NON_LITERAL_NULL_CONVERSION = YES;
				CLANG_WARN_OBJC_IMPLICIT_RETAIN_SELF = YES;
				CLANG_WARN_OBJC_LITERAL_CONVERSION = YES;
				CLANG_WARN_OBJC_ROOT_CLASS = YES_ERROR;
				CLANG_WARN_QUOTED_INCLUDE_IN_FRAMEWORK_HEADER = YES;
				CLANG_WARN_RANGE_LOOP_ANALYSIS = YES;
				CLANG_WARN_STRICT_PROTOTYPES = YES;
				CLANG_WARN_SUSPICIOUS_MOVE = YES;
				CLANG_WARN_UNGUARDED_AVAILABILITY = YES_AGGRESSIVE;
				CLANG_WARN_UNREACHABLE_CODE = YES;
				CLANG_WARN__DUPLICATE_METHOD_MATCH = YES;
				COPY_PHASE_STRIP = NO;
				DEBUG_INFORMATION_FORMAT = dwarf;
				ENABLE_STRICT_OBJC_MSGSEND = YES;
				ENABLE_TESTABILITY = YES;
				GCC_C_LANGUAGE_STANDARD = gnu11;
				GCC_DYNAMIC_NO_PIC = NO;
				GCC_NO_COMMON_BLOCKS = YES;
				GCC_OPTIMIZATION_LEVEL = 0;
				GCC_PREPROCESSOR_DEFINITIONS = (
					"DEBUG=1",
					"$(inherited)",
				);
				GCC_WARN_64_TO_32_BIT_CONVERSION = YES;
				GCC_WARN_ABOUT_RETURN_TYPE = YES_ERROR;
				GCC_WARN_UNDECLARED_SELECTOR = YES;
				GCC_WARN_UNINITIALIZED_AUTOS = YES_AGGRESSIVE;
				GCC_WARN_UNUSED_FUNCTION = YES;
				GCC_WARN_UNUSED_VARIABLE = YES;
				IPHONEOS_DEPLOYMENT_TARGET = 14.3;
				MTL_ENABLE_DEBUG_INFO = INCLUDE_SOURCE;
				MTL_FAST_MATH = YES;
				ONLY_ACTIVE_ARCH = YES;
				SDKROOT = iphoneos;
				SWIFT_ACTIVE_COMPILATION_CONDITIONS = DEBUG;
				SWIFT_OPTIMIZATION_LEVEL = "-Onone";
			};
			name = Debug;
		};
		D98E5716261D4D10006FAF22 /* Release */ = {
			isa = XCBuildConfiguration;
			buildSettings = {
				ALWAYS_SEARCH_USER_PATHS = NO;
				CLANG_ANALYZER_NONNULL = YES;
				CLANG_ANALYZER_NUMBER_OBJECT_CONVERSION = YES_AGGRESSIVE;
				CLANG_CXX_LANGUAGE_STANDARD = "gnu++14";
				CLANG_CXX_LIBRARY = "libc++";
				CLANG_ENABLE_MODULES = YES;
				CLANG_ENABLE_OBJC_ARC = YES;
				CLANG_ENABLE_OBJC_WEAK = YES;
				CLANG_WARN_BLOCK_CAPTURE_AUTORELEASING = YES;
				CLANG_WARN_BOOL_CONVERSION = YES;
				CLANG_WARN_COMMA = YES;
				CLANG_WARN_CONSTANT_CONVERSION = YES;
				CLANG_WARN_DEPRECATED_OBJC_IMPLEMENTATIONS = YES;
				CLANG_WARN_DIRECT_OBJC_ISA_USAGE = YES_ERROR;
				CLANG_WARN_DOCUMENTATION_COMMENTS = YES;
				CLANG_WARN_EMPTY_BODY = YES;
				CLANG_WARN_ENUM_CONVERSION = YES;
				CLANG_WARN_INFINITE_RECURSION = YES;
				CLANG_WARN_INT_CONVERSION = YES;
				CLANG_WARN_NON_LITERAL_NULL_CONVERSION = YES;
				CLANG_WARN_OBJC_IMPLICIT_RETAIN_SELF = YES;
				CLANG_WARN_OBJC_LITERAL_CONVERSION = YES;
				CLANG_WARN_OBJC_ROOT_CLASS = YES_ERROR;
				CLANG_WARN_QUOTED_INCLUDE_IN_FRAMEWORK_HEADER = YES;
				CLANG_WARN_RANGE_LOOP_ANALYSIS = YES;
				CLANG_WARN_STRICT_PROTOTYPES = YES;
				CLANG_WARN_SUSPICIOUS_MOVE = YES;
				CLANG_WARN_UNGUARDED_AVAILABILITY = YES_AGGRESSIVE;
				CLANG_WARN_UNREACHABLE_CODE = YES;
				CLANG_WARN__DUPLICATE_METHOD_MATCH = YES;
				COPY_PHASE_STRIP = NO;
				DEBUG_INFORMATION_FORMAT = "dwarf-with-dsym";
				ENABLE_NS_ASSERTIONS = NO;
				ENABLE_STRICT_OBJC_MSGSEND = YES;
				GCC_C_LANGUAGE_STANDARD = gnu11;
				GCC_NO_COMMON_BLOCKS = YES;
				GCC_WARN_64_TO_32_BIT_CONVERSION = YES;
				GCC_WARN_ABOUT_RETURN_TYPE = YES_ERROR;
				GCC_WARN_UNDECLARED_SELECTOR = YES;
				GCC_WARN_UNINITIALIZED_AUTOS = YES_AGGRESSIVE;
				GCC_WARN_UNUSED_FUNCTION = YES;
				GCC_WARN_UNUSED_VARIABLE = YES;
				IPHONEOS_DEPLOYMENT_TARGET = 14.3;
				MTL_ENABLE_DEBUG_INFO = NO;
				MTL_FAST_MATH = YES;
				SDKROOT = iphoneos;
				SWIFT_COMPILATION_MODE = wholemodule;
				SWIFT_OPTIMIZATION_LEVEL = "-O";
				VALIDATE_PRODUCT = YES;
			};
			name = Release;
		};
		D98E5718261D4D10006FAF22 /* Debug */ = {
			isa = XCBuildConfiguration;
			buildSettings = {
				ASSETCATALOG_COMPILER_APPICON_NAME = AppIcon;
				ASSETCATALOG_COMPILER_GLOBAL_ACCENT_COLOR_NAME = AccentColor;
				CODE_SIGN_STYLE = Automatic;
				DEVELOPMENT_ASSET_PATHS = "\"swiftui-playgrounds/Preview Content\"";
				DEVELOPMENT_TEAM = 5GX5QFC8X3;
				ENABLE_PREVIEWS = YES;
				INFOPLIST_FILE = "swiftui-playgrounds/Info.plist";
				IPHONEOS_DEPLOYMENT_TARGET = 14.0;
				LD_RUNPATH_SEARCH_PATHS = (
					"$(inherited)",
					"@executable_path/Frameworks",
				);
				PRODUCT_BUNDLE_IDENTIFIER = "skamada.swiftui-playgrounds";
				PRODUCT_NAME = "$(TARGET_NAME)";
				SWIFT_VERSION = 5.0;
				TARGETED_DEVICE_FAMILY = "1,2";
			};
			name = Debug;
		};
		D98E5719261D4D10006FAF22 /* Release */ = {
			isa = XCBuildConfiguration;
			buildSettings = {
				ASSETCATALOG_COMPILER_APPICON_NAME = AppIcon;
				ASSETCATALOG_COMPILER_GLOBAL_ACCENT_COLOR_NAME = AccentColor;
				CODE_SIGN_STYLE = Automatic;
				DEVELOPMENT_ASSET_PATHS = "\"swiftui-playgrounds/Preview Content\"";
				DEVELOPMENT_TEAM = 5GX5QFC8X3;
				ENABLE_PREVIEWS = YES;
				INFOPLIST_FILE = "swiftui-playgrounds/Info.plist";
				IPHONEOS_DEPLOYMENT_TARGET = 14.0;
				LD_RUNPATH_SEARCH_PATHS = (
					"$(inherited)",
					"@executable_path/Frameworks",
				);
				PRODUCT_BUNDLE_IDENTIFIER = "skamada.swiftui-playgrounds";
				PRODUCT_NAME = "$(TARGET_NAME)";
				SWIFT_VERSION = 5.0;
				TARGETED_DEVICE_FAMILY = "1,2";
			};
			name = Release;
		};
/* End XCBuildConfiguration section */

/* Begin XCConfigurationList section */
		D98E5703261D4D0F006FAF22 /* Build configuration list for PBXProject "swiftui-playgrounds" */ = {
			isa = XCConfigurationList;
			buildConfigurations = (
				D98E5715261D4D10006FAF22 /* Debug */,
				D98E5716261D4D10006FAF22 /* Release */,
			);
			defaultConfigurationIsVisible = 0;
			defaultConfigurationName = Release;
		};
		D98E5717261D4D10006FAF22 /* Build configuration list for PBXNativeTarget "swiftui-playgrounds" */ = {
			isa = XCConfigurationList;
			buildConfigurations = (
				D98E5718261D4D10006FAF22 /* Debug */,
				D98E5719261D4D10006FAF22 /* Release */,
			);
			defaultConfigurationIsVisible = 0;
			defaultConfigurationName = Release;
		};
/* End XCConfigurationList section */
	};
	rootObject = D98E5700261D4D0F006FAF22 /* Project object */;
}
